// !$*UTF8*$!
{
	archiveVersion = 1;
	classes = {
	};
	objectVersion = 50;
	objects = {

/* Begin PBXBuildFile section */
		047B04B123FF99E3004AC4C9 /* AppDelegate.swift in Sources */ = {isa = PBXBuildFile; fileRef = 047B04B023FF99E3004AC4C9 /* AppDelegate.swift */; };
		047B04B323FF99E3004AC4C9 /* SceneDelegate.swift in Sources */ = {isa = PBXBuildFile; fileRef = 047B04B223FF99E3004AC4C9 /* SceneDelegate.swift */; };
		047B04B523FF99E3004AC4C9 /* ViewController.swift in Sources */ = {isa = PBXBuildFile; fileRef = 047B04B423FF99E3004AC4C9 /* ViewController.swift */; };
		047B04B823FF99E3004AC4C9 /* Main.storyboard in Resources */ = {isa = PBXBuildFile; fileRef = 047B04B623FF99E3004AC4C9 /* Main.storyboard */; };
		047B04BB23FF99E3004AC4C9 /* StreamingNo.xcdatamodeld in Sources */ = {isa = PBXBuildFile; fileRef = 047B04B923FF99E3004AC4C9 /* StreamingNo.xcdatamodeld */; };
		047B04BD23FF99E4004AC4C9 /* Assets.xcassets in Resources */ = {isa = PBXBuildFile; fileRef = 047B04BC23FF99E4004AC4C9 /* Assets.xcassets */; };
		047B04C023FF99E4004AC4C9 /* LaunchScreen.storyboard in Resources */ = {isa = PBXBuildFile; fileRef = 047B04BE23FF99E4004AC4C9 /* LaunchScreen.storyboard */; };
		BD13705F718BF5245BEA5930 /* Pods_StreamingNo.framework in Frameworks */ = {isa = PBXBuildFile; fileRef = 25B2F96073EB427360E0EB7F /* Pods_StreamingNo.framework */; };
/* End PBXBuildFile section */

/* Begin PBXFileReference section */
		047B04AD23FF99E3004AC4C9 /* StreamingNo.app */ = {isa = PBXFileReference; explicitFileType = wrapper.application; includeInIndex = 0; path = StreamingNo.app; sourceTree = BUILT_PRODUCTS_DIR; };
		047B04B023FF99E3004AC4C9 /* AppDelegate.swift */ = {isa = PBXFileReference; lastKnownFileType = sourcecode.swift; path = AppDelegate.swift; sourceTree = "<group>"; };
		047B04B223FF99E3004AC4C9 /* SceneDelegate.swift */ = {isa = PBXFileReference; lastKnownFileType = sourcecode.swift; path = SceneDelegate.swift; sourceTree = "<group>"; };
		047B04B423FF99E3004AC4C9 /* ViewController.swift */ = {isa = PBXFileReference; lastKnownFileType = sourcecode.swift; path = ViewController.swift; sourceTree = "<group>"; };
		047B04B723FF99E3004AC4C9 /* Base */ = {isa = PBXFileReference; lastKnownFileType = file.storyboard; name = Base; path = Base.lproj/Main.storyboard; sourceTree = "<group>"; };
		047B04BA23FF99E3004AC4C9 /* StreamingNo.xcdatamodel */ = {isa = PBXFileReference; lastKnownFileType = wrapper.xcdatamodel; path = StreamingNo.xcdatamodel; sourceTree = "<group>"; };
		047B04BC23FF99E4004AC4C9 /* Assets.xcassets */ = {isa = PBXFileReference; lastKnownFileType = folder.assetcatalog; path = Assets.xcassets; sourceTree = "<group>"; };
		047B04BF23FF99E4004AC4C9 /* Base */ = {isa = PBXFileReference; lastKnownFileType = file.storyboard; name = Base; path = Base.lproj/LaunchScreen.storyboard; sourceTree = "<group>"; };
		047B04C123FF99E4004AC4C9 /* Info.plist */ = {isa = PBXFileReference; lastKnownFileType = text.plist.xml; path = Info.plist; sourceTree = "<group>"; };
		25B2F96073EB427360E0EB7F /* Pods_StreamingNo.framework */ = {isa = PBXFileReference; explicitFileType = wrapper.framework; includeInIndex = 0; path = Pods_StreamingNo.framework; sourceTree = BUILT_PRODUCTS_DIR; };
		2F9FC8A272162BA59F3B1342 /* Pods-StreamingNo.release.xcconfig */ = {isa = PBXFileReference; includeInIndex = 1; lastKnownFileType = text.xcconfig; name = "Pods-StreamingNo.release.xcconfig"; path = "Target Support Files/Pods-StreamingNo/Pods-StreamingNo.release.xcconfig"; sourceTree = "<group>"; };
		413D57CF64518A413988F71B /* Pods-StreamingNo.debug.xcconfig */ = {isa = PBXFileReference; includeInIndex = 1; lastKnownFileType = text.xcconfig; name = "Pods-StreamingNo.debug.xcconfig"; path = "Target Support Files/Pods-StreamingNo/Pods-StreamingNo.debug.xcconfig"; sourceTree = "<group>"; };
/* End PBXFileReference section */

/* Begin PBXFrameworksBuildPhase section */
		047B04AA23FF99E3004AC4C9 /* Frameworks */ = {
			isa = PBXFrameworksBuildPhase;
			buildActionMask = 2147483647;
			files = (
				BD13705F718BF5245BEA5930 /* Pods_StreamingNo.framework in Frameworks */,
			);
			runOnlyForDeploymentPostprocessing = 0;
		};
/* End PBXFrameworksBuildPhase section */

/* Begin PBXGroup section */
		047B04A423FF99E2004AC4C9 = {
			isa = PBXGroup;
			children = (
				047B04AF23FF99E3004AC4C9 /* StreamingNo */,
				047B04AE23FF99E3004AC4C9 /* Products */,
				D6F3511AE661556F27BD96B6 /* Pods */,
				652315EAC4CFD89993E113E7 /* Frameworks */,
			);
			sourceTree = "<group>";
		};
		047B04AE23FF99E3004AC4C9 /* Products */ = {
			isa = PBXGroup;
			children = (
				047B04AD23FF99E3004AC4C9 /* StreamingNo.app */,
			);
			name = Products;
			sourceTree = "<group>";
		};
		047B04AF23FF99E3004AC4C9 /* StreamingNo */ = {
			isa = PBXGroup;
			children = (
				047B04B023FF99E3004AC4C9 /* AppDelegate.swift */,
				047B04B223FF99E3004AC4C9 /* SceneDelegate.swift */,
				047B04B423FF99E3004AC4C9 /* ViewController.swift */,
				047B04B623FF99E3004AC4C9 /* Main.storyboard */,
				047B04BC23FF99E4004AC4C9 /* Assets.xcassets */,
				047B04BE23FF99E4004AC4C9 /* LaunchScreen.storyboard */,
				047B04C123FF99E4004AC4C9 /* Info.plist */,
				047B04B923FF99E3004AC4C9 /* StreamingNo.xcdatamodeld */,
			);
			path = StreamingNo;
			sourceTree = "<group>";
		};
		652315EAC4CFD89993E113E7 /* Frameworks */ = {
			isa = PBXGroup;
			children = (
				25B2F96073EB427360E0EB7F /* Pods_StreamingNo.framework */,
			);
			name = Frameworks;
			sourceTree = "<group>";
		};
		D6F3511AE661556F27BD96B6 /* Pods */ = {
			isa = PBXGroup;
			children = (
				413D57CF64518A413988F71B /* Pods-StreamingNo.debug.xcconfig */,
				2F9FC8A272162BA59F3B1342 /* Pods-StreamingNo.release.xcconfig */,
			);
			name = Pods;
			path = Pods;
			sourceTree = "<group>";
		};
/* End PBXGroup section */

/* Begin PBXNativeTarget section */
		047B04AC23FF99E3004AC4C9 /* StreamingNo */ = {
			isa = PBXNativeTarget;
			buildConfigurationList = 047B04C423FF99E4004AC4C9 /* Build configuration list for PBXNativeTarget "StreamingNo" */;
			buildPhases = (
				9EA6031FD8B0C546064459D8 /* [CP] Check Pods Manifest.lock */,
				047B04A923FF99E3004AC4C9 /* Sources */,
				047B04AA23FF99E3004AC4C9 /* Frameworks */,
				047B04AB23FF99E3004AC4C9 /* Resources */,
				412A1F5C9314CA17392EEB75 /* [CP] Embed Pods Frameworks */,
			);
			buildRules = (
			);
			dependencies = (
			);
			name = StreamingNo;
			productName = StreamingNo;
			productReference = 047B04AD23FF99E3004AC4C9 /* StreamingNo.app */;
			productType = "com.apple.product-type.application";
		};
/* End PBXNativeTarget section */

/* Begin PBXProject section */
		047B04A523FF99E2004AC4C9 /* Project object */ = {
			isa = PBXProject;
			attributes = {
				LastSwiftUpdateCheck = 1130;
				LastUpgradeCheck = 1130;
				ORGANIZATIONNAME = UkJin;
				TargetAttributes = {
					047B04AC23FF99E3004AC4C9 = {
						CreatedOnToolsVersion = 11.3.1;
					};
				};
			};
			buildConfigurationList = 047B04A823FF99E2004AC4C9 /* Build configuration list for PBXProject "StreamingNo" */;
			compatibilityVersion = "Xcode 9.3";
			developmentRegion = en;
			hasScannedForEncodings = 0;
			knownRegions = (
				en,
				Base,
			);
			mainGroup = 047B04A423FF99E2004AC4C9;
			productRefGroup = 047B04AE23FF99E3004AC4C9 /* Products */;
			projectDirPath = "";
			projectRoot = "";
			targets = (
				047B04AC23FF99E3004AC4C9 /* StreamingNo */,
			);
		};
/* End PBXProject section */

/* Begin PBXResourcesBuildPhase section */
		047B04AB23FF99E3004AC4C9 /* Resources */ = {
			isa = PBXResourcesBuildPhase;
			buildActionMask = 2147483647;
			files = (
				047B04C023FF99E4004AC4C9 /* LaunchScreen.storyboard in Resources */,
				047B04BD23FF99E4004AC4C9 /* Assets.xcassets in Resources */,
				047B04B823FF99E3004AC4C9 /* Main.storyboard in Resources */,
			);
			runOnlyForDeploymentPostprocessing = 0;
		};
/* End PBXResourcesBuildPhase section */

/* Begin PBXShellScriptBuildPhase section */
		412A1F5C9314CA17392EEB75 /* [CP] Embed Pods Frameworks */ = {
			isa = PBXShellScriptBuildPhase;
			buildActionMask = 2147483647;
			files = (
			);
			inputFileListPaths = (
				"${PODS_ROOT}/Target Support Files/Pods-StreamingNo/Pods-StreamingNo-frameworks-${CONFIGURATION}-input-files.xcfilelist",
			);
			name = "[CP] Embed Pods Frameworks";
			outputFileListPaths = (
				"${PODS_ROOT}/Target Support Files/Pods-StreamingNo/Pods-StreamingNo-frameworks-${CONFIGURATION}-output-files.xcfilelist",
			);
			runOnlyForDeploymentPostprocessing = 0;
			shellPath = /bin/sh;
			shellScript = "\"${PODS_ROOT}/Target Support Files/Pods-StreamingNo/Pods-StreamingNo-frameworks.sh\"\n";
			showEnvVarsInLog = 0;
		};
		9EA6031FD8B0C546064459D8 /* [CP] Check Pods Manifest.lock */ = {
			isa = PBXShellScriptBuildPhase;
			buildActionMask = 2147483647;
			files = (
			);
			inputFileListPaths = (
			);
			inputPaths = (
				"${PODS_PODFILE_DIR_PATH}/Podfile.lock",
				"${PODS_ROOT}/Manifest.lock",
			);
			name = "[CP] Check Pods Manifest.lock";
			outputFileListPaths = (
			);
			outputPaths = (
				"$(DERIVED_FILE_DIR)/Pods-StreamingNo-checkManifestLockResult.txt",
			);
			runOnlyForDeploymentPostprocessing = 0;
			shellPath = /bin/sh;
			shellScript = "diff \"${PODS_PODFILE_DIR_PATH}/Podfile.lock\" \"${PODS_ROOT}/Manifest.lock\" > /dev/null\nif [ $? != 0 ] ; then\n    # print error to STDERR\n    echo \"error: The sandbox is not in sync with the Podfile.lock. Run 'pod install' or update your CocoaPods installation.\" >&2\n    exit 1\nfi\n# This output is used by Xcode 'outputs' to avoid re-running this script phase.\necho \"SUCCESS\" > \"${SCRIPT_OUTPUT_FILE_0}\"\n";
			showEnvVarsInLog = 0;
		};
/* End PBXShellScriptBuildPhase section */

/* Begin PBXSourcesBuildPhase section */
		047B04A923FF99E3004AC4C9 /* Sources */ = {
			isa = PBXSourcesBuildPhase;
			buildActionMask = 2147483647;
			files = (
				047B04B523FF99E3004AC4C9 /* ViewController.swift in Sources */,
				047B04B123FF99E3004AC4C9 /* AppDelegate.swift in Sources */,
				047B04B323FF99E3004AC4C9 /* SceneDelegate.swift in Sources */,
				047B04BB23FF99E3004AC4C9 /* StreamingNo.xcdatamodeld in Sources */,
			);
			runOnlyForDeploymentPostprocessing = 0;
		};
/* End PBXSourcesBuildPhase section */

/* Begin PBXVariantGroup section */
		047B04B623FF99E3004AC4C9 /* Main.storyboard */ = {
			isa = PBXVariantGroup;
			children = (
				047B04B723FF99E3004AC4C9 /* Base */,
			);
			name = Main.storyboard;
			sourceTree = "<group>";
		};
		047B04BE23FF99E4004AC4C9 /* LaunchScreen.storyboard */ = {
			isa = PBXVariantGroup;
			children = (
				047B04BF23FF99E4004AC4C9 /* Base */,
			);
			name = LaunchScreen.storyboard;
			sourceTree = "<group>";
		};
/* End PBXVariantGroup section */

/* Begin XCBuildConfiguration section */
		047B04C223FF99E4004AC4C9 /* Debug */ = {
			isa = XCBuildConfiguration;
			buildSettings = {
				ALWAYS_SEARCH_USER_PATHS = NO;
				CLANG_ANALYZER_NONNULL = YES;
				CLANG_ANALYZER_NUMBER_OBJECT_CONVERSION = YES_AGGRESSIVE;
				CLANG_CXX_LANGUAGE_STANDARD = "gnu++14";
				CLANG_CXX_LIBRARY = "libc++";
				CLANG_ENABLE_MODULES = YES;
				CLANG_ENABLE_OBJC_ARC = YES;
				CLANG_ENABLE_OBJC_WEAK = YES;
				CLANG_WARN_BLOCK_CAPTURE_AUTORELEASING = YES;
				CLANG_WARN_BOOL_CONVERSION = YES;
				CLANG_WARN_COMMA = YES;
				CLANG_WARN_CONSTANT_CONVERSION = YES;
				CLANG_WARN_DEPRECATED_OBJC_IMPLEMENTATIONS = YES;
				CLANG_WARN_DIRECT_OBJC_ISA_USAGE = YES_ERROR;
				CLANG_WARN_DOCUMENTATION_COMMENTS = YES;
				CLANG_WARN_EMPTY_BODY = YES;
				CLANG_WARN_ENUM_CONVERSION = YES;
				CLANG_WARN_INFINITE_RECURSION = YES;
				CLANG_WARN_INT_CONVERSION = YES;
				CLANG_WARN_NON_LITERAL_NULL_CONVERSION = YES;
				CLANG_WARN_OBJC_IMPLICIT_RETAIN_SELF = YES;
				CLANG_WARN_OBJC_LITERAL_CONVERSION = YES;
				CLANG_WARN_OBJC_ROOT_CLASS = YES_ERROR;
				CLANG_WARN_RANGE_LOOP_ANALYSIS = YES;
				CLANG_WARN_STRICT_PROTOTYPES = YES;
				CLANG_WARN_SUSPICIOUS_MOVE = YES;
				CLANG_WARN_UNGUARDED_AVAILABILITY = YES_AGGRESSIVE;
				CLANG_WARN_UNREACHABLE_CODE = YES;
				CLANG_WARN__DUPLICATE_METHOD_MATCH = YES;
				COPY_PHASE_STRIP = NO;
				DEBUG_INFORMATION_FORMAT = dwarf;
				ENABLE_STRICT_OBJC_MSGSEND = YES;
				ENABLE_TESTABILITY = YES;
				GCC_C_LANGUAGE_STANDARD = gnu11;
				GCC_DYNAMIC_NO_PIC = NO;
				GCC_NO_COMMON_BLOCKS = YES;
				GCC_OPTIMIZATION_LEVEL = 0;
				GCC_PREPROCESSOR_DEFINITIONS = (
					"DEBUG=1",
					"$(inherited)",
				);
				GCC_WARN_64_TO_32_BIT_CONVERSION = YES;
				GCC_WARN_ABOUT_RETURN_TYPE = YES_ERROR;
				GCC_WARN_UNDECLARED_SELECTOR = YES;
				GCC_WARN_UNINITIALIZED_AUTOS = YES_AGGRESSIVE;
				GCC_WARN_UNUSED_FUNCTION = YES;
				GCC_WARN_UNUSED_VARIABLE = YES;
				IPHONEOS_DEPLOYMENT_TARGET = 10.0;
				MTL_ENABLE_DEBUG_INFO = INCLUDE_SOURCE;
				MTL_FAST_MATH = YES;
				ONLY_ACTIVE_ARCH = YES;
				SDKROOT = iphoneos;
				SWIFT_ACTIVE_COMPILATION_CONDITIONS = DEBUG;
				SWIFT_OPTIMIZATION_LEVEL = "-Onone";
			};
			name = Debug;
		};
		047B04C323FF99E4004AC4C9 /* Release */ = {
			isa = XCBuildConfiguration;
			buildSettings = {
				ALWAYS_SEARCH_USER_PATHS = NO;
				CLANG_ANALYZER_NONNULL = YES;
				CLANG_ANALYZER_NUMBER_OBJECT_CONVERSION = YES_AGGRESSIVE;
				CLANG_CXX_LANGUAGE_STANDARD = "gnu++14";
				CLANG_CXX_LIBRARY = "libc++";
				CLANG_ENABLE_MODULES = YES;
				CLANG_ENABLE_OBJC_ARC = YES;
				CLANG_ENABLE_OBJC_WEAK = YES;
				CLANG_WARN_BLOCK_CAPTURE_AUTORELEASING = YES;
				CLANG_WARN_BOOL_CONVERSION = YES;
				CLANG_WARN_COMMA = YES;
				CLANG_WARN_CONSTANT_CONVERSION = YES;
				CLANG_WARN_DEPRECATED_OBJC_IMPLEMENTATIONS = YES;
				CLANG_WARN_DIRECT_OBJC_ISA_USAGE = YES_ERROR;
				CLANG_WARN_DOCUMENTATION_COMMENTS = YES;
				CLANG_WARN_EMPTY_BODY = YES;
				CLANG_WARN_ENUM_CONVERSION = YES;
				CLANG_WARN_INFINITE_RECURSION = YES;
				CLANG_WARN_INT_CONVERSION = YES;
				CLANG_WARN_NON_LITERAL_NULL_CONVERSION = YES;
				CLANG_WARN_OBJC_IMPLICIT_RETAIN_SELF = YES;
				CLANG_WARN_OBJC_LITERAL_CONVERSION = YES;
				CLANG_WARN_OBJC_ROOT_CLASS = YES_ERROR;
				CLANG_WARN_RANGE_LOOP_ANALYSIS = YES;
				CLANG_WARN_STRICT_PROTOTYPES = YES;
				CLANG_WARN_SUSPICIOUS_MOVE = YES;
				CLANG_WARN_UNGUARDED_AVAILABILITY = YES_AGGRESSIVE;
				CLANG_WARN_UNREACHABLE_CODE = YES;
				CLANG_WARN__DUPLICATE_METHOD_MATCH = YES;
				COPY_PHASE_STRIP = NO;
				DEBUG_INFORMATION_FORMAT = "dwarf-with-dsym";
				ENABLE_NS_ASSERTIONS = NO;
				ENABLE_STRICT_OBJC_MSGSEND = YES;
				GCC_C_LANGUAGE_STANDARD = gnu11;
				GCC_NO_COMMON_BLOCKS = YES;
				GCC_WARN_64_TO_32_BIT_CONVERSION = YES;
				GCC_WARN_ABOUT_RETURN_TYPE = YES_ERROR;
				GCC_WARN_UNDECLARED_SELECTOR = YES;
				GCC_WARN_UNINITIALIZED_AUTOS = YES_AGGRESSIVE;
				GCC_WARN_UNUSED_FUNCTION = YES;
				GCC_WARN_UNUSED_VARIABLE = YES;
				IPHONEOS_DEPLOYMENT_TARGET = 10.0;
				MTL_ENABLE_DEBUG_INFO = NO;
				MTL_FAST_MATH = YES;
				SDKROOT = iphoneos;
				SWIFT_COMPILATION_MODE = wholemodule;
				SWIFT_OPTIMIZATION_LEVEL = "-O";
				VALIDATE_PRODUCT = YES;
			};
			name = Release;
		};
		047B04C523FF99E4004AC4C9 /* Debug */ = {
			isa = XCBuildConfiguration;
			baseConfigurationReference = 413D57CF64518A413988F71B /* Pods-StreamingNo.debug.xcconfig */;
			buildSettings = {
				ASSETCATALOG_COMPILER_APPICON_NAME = AppIcon;
				CODE_SIGN_STYLE = Automatic;
				DEVELOPMENT_TEAM = UPVNKF4986;
				INFOPLIST_FILE = StreamingNo/Info.plist;
				LD_RUNPATH_SEARCH_PATHS = (
					"$(inherited)",
					"@executable_path/Frameworks",
				);
				PRODUCT_BUNDLE_IDENTIFIER = com.Ukjin.StreamingNo;
				PRODUCT_NAME = "$(TARGET_NAME)";
				SWIFT_VERSION = 5.0;
				TARGETED_DEVICE_FAMILY = "1,2";
			};
			name = Debug;
		};
		047B04C623FF99E4004AC4C9 /* Release */ = {
			isa = XCBuildConfiguration;
			baseConfigurationReference = 2F9FC8A272162BA59F3B1342 /* Pods-StreamingNo.release.xcconfig */;
			buildSettings = {
				ASSETCATALOG_COMPILER_APPICON_NAME = AppIcon;
				CODE_SIGN_STYLE = Automatic;
				DEVELOPMENT_TEAM = UPVNKF4986;
				INFOPLIST_FILE = StreamingNo/Info.plist;
				LD_RUNPATH_SEARCH_PATHS = (
					"$(inherited)",
					"@executable_path/Frameworks",
				);
				PRODUCT_BUNDLE_IDENTIFIER = com.Ukjin.StreamingNo;
				PRODUCT_NAME = "$(TARGET_NAME)";
				SWIFT_VERSION = 5.0;
				TARGETED_DEVICE_FAMILY = "1,2";
			};
			name = Release;
		};
/* End XCBuildConfiguration section */

/* Begin XCConfigurationList section */
		047B04A823FF99E2004AC4C9 /* Build configuration list for PBXProject "StreamingNo" */ = {
			isa = XCConfigurationList;
			buildConfigurations = (
				047B04C223FF99E4004AC4C9 /* Debug */,
				047B04C323FF99E4004AC4C9 /* Release */,
			);
			defaultConfigurationIsVisible = 0;
			defaultConfigurationName = Release;
		};
		047B04C423FF99E4004AC4C9 /* Build configuration list for PBXNativeTarget "StreamingNo" */ = {
			isa = XCConfigurationList;
			buildConfigurations = (
				047B04C523FF99E4004AC4C9 /* Debug */,
				047B04C623FF99E4004AC4C9 /* Release */,
			);
			defaultConfigurationIsVisible = 0;
			defaultConfigurationName = Release;
		};
/* End XCConfigurationList section */

/* Begin XCVersionGroup section */
		047B04B923FF99E3004AC4C9 /* StreamingNo.xcdatamodeld */ = {
			isa = XCVersionGroup;
			children = (
				047B04BA23FF99E3004AC4C9 /* StreamingNo.xcdatamodel */,
			);
			currentVersion = 047B04BA23FF99E3004AC4C9 /* StreamingNo.xcdatamodel */;
			path = StreamingNo.xcdatamodeld;
			sourceTree = "<group>";
			versionGroupType = wrapper.xcdatamodel;
		};
/* End XCVersionGroup section */
	};
	rootObject = 047B04A523FF99E2004AC4C9 /* Project object */;
}
